
Microsoft Visual Studio Solution File, Format Version 12.00
# Visual Studio 2012
# Clarion 2.1.0.2447
Project("{12B76EC0-1D7B-4FA7-A7D0-C524288B48A1}") = "Wordle", "Wordle.cwproj", "{D54AE5EB-99C5-47EA-BEB4-2F9D854F8B83}"
EndProject
Global
	GlobalSection(SolutionConfigurationPlatforms) = preSolution
		Debug|Win32 = Debug|Win32
		Release|Win32 = Release|Win32
	EndGlobalSection
	GlobalSection(ProjectConfigurationPlatforms) = postSolution
		{D54AE5EB-99C5-47EA-BEB4-2F9D854F8B83}.Debug|Win32.Build.0 = Debug|Win32
		{D54AE5EB-99C5-47EA-BEB4-2F9D854F8B83}.Debug|Win32.ActiveCfg = Debug|Win32
		{D54AE5EB-99C5-47EA-BEB4-2F9D854F8B83}.Release|Win32.Build.0 = Release|Win32
		{D54AE5EB-99C5-47EA-BEB4-2F9D854F8B83}.Release|Win32.ActiveCfg = Release|Win32
	EndGlobalSection
EndGlobal
